
Microsoft Visual Studio Solution File, Format Version 12.00
# Visual Studio Version 17
VisualStudioVersion = 17.8.34511.84
MinimumVisualStudioVersion = 10.0.40219.1
Project("{FAE04EC0-301F-11D3-BF4B-00C04F79EFBC}") = "Csharp programmering basis tråd øvelser", "Csharp programmering basis tråd øvelser.csproj", "{F8F8D343-681C-4594-BB24-906885EEC563}"
EndProject
Global
	GlobalSection(SolutionConfigurationPlatforms) = preSolution
		Debug|Any CPU = Debug|Any CPU
		Release|Any CPU = Release|Any CPU
	EndGlobalSection
	GlobalSection(ProjectConfigurationPlatforms) = postSolution
		{F8F8D343-681C-4594-BB24-906885EEC563}.Debug|Any CPU.ActiveCfg = Debug|Any CPU
		{F8F8D343-681C-4594-BB24-906885EEC563}.Debug|Any CPU.Build.0 = Debug|Any CPU
		{F8F8D343-681C-4594-BB24-906885EEC563}.Release|Any CPU.ActiveCfg = Release|Any CPU
		{F8F8D343-681C-4594-BB24-906885EEC563}.Release|Any CPU.Build.0 = Release|Any CPU
	EndGlobalSection
	GlobalSection(SolutionProperties) = preSolution
		HideSolutionNode = FALSE
	EndGlobalSection
	GlobalSection(ExtensibilityGlobals) = postSolution
		SolutionGuid = {DA22E350-D938-4592-8029-F0B72BD5F7FC}
	EndGlobalSection
EndGlobal
